
Microsoft Visual Studio Solution File, Format Version 12.00
# Visual Studio 15
VisualStudioVersion = 15.0.27703.2035
MinimumVisualStudioVersion = 10.0.40219.1
Project("{FAE04EC0-301F-11D3-BF4B-00C04F79EFBC}") = "03_PinballExercise", "03_PinballExercise\03_PinballExercise.csproj", "{BF174D3C-2FF5-4CAD-930F-56C36A4A970A}"
EndProject
Global
	GlobalSection(SolutionConfigurationPlatforms) = preSolution
		Debug|Any CPU = Debug|Any CPU
		Release|Any CPU = Release|Any CPU
	EndGlobalSection
	GlobalSection(ProjectConfigurationPlatforms) = postSolution
		{BF174D3C-2FF5-4CAD-930F-56C36A4A970A}.Debug|Any CPU.ActiveCfg = Debug|Any CPU
		{BF174D3C-2FF5-4CAD-930F-56C36A4A970A}.Debug|Any CPU.Build.0 = Debug|Any CPU
		{BF174D3C-2FF5-4CAD-930F-56C36A4A970A}.Release|Any CPU.ActiveCfg = Release|Any CPU
		{BF174D3C-2FF5-4CAD-930F-56C36A4A970A}.Release|Any CPU.Build.0 = Release|Any CPU
	EndGlobalSection
	GlobalSection(SolutionProperties) = preSolution
		HideSolutionNode = FALSE
	EndGlobalSection
	GlobalSection(ExtensibilityGlobals) = postSolution
		SolutionGuid = {B838ECA7-0E5F-4737-B160-680B7772ADCC}
	EndGlobalSection
EndGlobal
